
Microsoft Visual Studio Solution File, Format Version 12.00
# Blend for Visual Studio 15
VisualStudioVersion = 15.0.26430.16
MinimumVisualStudioVersion = 10.0.40219.1
Project("{FAE04EC0-301F-11D3-BF4B-00C04F79EFBC}") = "FirstSteps", "FirstSteps.csproj", "{B574FCB3-BC4A-4829-9FA4-39E52672416C}"
EndProject
Global
	GlobalSection(SolutionConfigurationPlatforms) = preSolution
		Debug|Any CPU = Debug|Any CPU
		Release|Any CPU = Release|Any CPU
	EndGlobalSection
	GlobalSection(ProjectConfigurationPlatforms) = postSolution
		{B574FCB3-BC4A-4829-9FA4-39E52672416C}.Debug|Any CPU.ActiveCfg = Debug|Any CPU
		{B574FCB3-BC4A-4829-9FA4-39E52672416C}.Debug|Any CPU.Build.0 = Debug|Any CPU
		{B574FCB3-BC4A-4829-9FA4-39E52672416C}.Release|Any CPU.ActiveCfg = Release|Any CPU
		{B574FCB3-BC4A-4829-9FA4-39E52672416C}.Release|Any CPU.Build.0 = Release|Any CPU
	EndGlobalSection
	GlobalSection(SolutionProperties) = preSolution
		HideSolutionNode = FALSE
	EndGlobalSection
EndGlobal
